{
    "version": 3,
    "terraform_version": "0.11.3",
    "serial": 3,
    "lineage": "da7ac30e-453f-421f-a8eb-aabbd38886ad",
    "modules": [
        {
            "path": [
                "root"
            ],
            "outputs": {
                "myapp-repository-URL": {
                    "sensitive": false,
                    "type": "string",
                    "value": "051624290916.dkr.ecr.us-east-1.amazonaws.com/myapp"
                }
            },
            "resources": {
                "aws_ecr_repository.myapp": {
                    "type": "aws_ecr_repository",
                    "depends_on": [],
                    "primary": {
                        "id": "myapp",
                        "attributes": {
                            "arn": "arn:aws:ecr:us-east-1:051624290916:repository/myapp",
                            "id": "myapp",
                            "name": "myapp",
                            "registry_id": "051624290916",
                            "repository_url": "051624290916.dkr.ecr.us-east-1.amazonaws.com/myapp"
                        },
                        "meta": {},
                        "tainted": false
                    },
                    "deposed": [],
                    "provider": "provider.aws"
                },
                "data.aws_availability_zones.available": {
                    "type": "aws_availability_zones",
                    "depends_on": [],
                    "primary": {
                        "id": "2018-03-11 07:22:50.757967946 +0000 UTC",
                        "attributes": {
                            "id": "2018-03-11 07:22:50.757967946 +0000 UTC",
                            "names.#": "6",
                            "names.0": "us-east-1a",
                            "names.1": "us-east-1b",
                            "names.2": "us-east-1c",
                            "names.3": "us-east-1d",
                            "names.4": "us-east-1e",
                            "names.5": "us-east-1f"
                        },
                        "meta": {},
                        "tainted": false
                    },
                    "deposed": [],
                    "provider": "provider.aws"
                }
            },
            "depends_on": []
        }
    ]
}
